# The naiveproxy commit libcronet is built from, and that the headers, Chromium
# version, bindings and network errors in this repository come from.
# `cargo xtask upgrade` moves it; `cargo xtask fetch` checks it out.
repository = "https://github.com/SagerNet/naiveproxy"
commit = "be1be963131154ba82761a7ed85ba426b2027319"
